
Microsoft Visual Studio Solution File, Format Version 12.00
# Visual Studio Version 17
VisualStudioVersion = 17.7.34202.233
MinimumVisualStudioVersion = 10.0.40219.1
Project("{9A19103F-16F7-4668-BE54-9A1E7A4F7556}") = "MyPassHolder", "MyPassHolder\MyPassHolder.csproj", "{70D691AE-F03D-42ED-B477-90A9A229F2B7}"
EndProject
Project("{FAE04EC0-301F-11D3-BF4B-00C04F79EFBC}") = "MailSender", "MailSender\MailSender.csproj", "{31BCCF5D-4427-41CF-A504-D41608E94A7C}"
EndProject
Global
	GlobalSection(SolutionConfigurationPlatforms) = preSolution
		Debug|Any CPU = Debug|Any CPU
		Release|Any CPU = Release|Any CPU
	EndGlobalSection
	GlobalSection(ProjectConfigurationPlatforms) = postSolution
		{70D691AE-F03D-42ED-B477-90A9A229F2B7}.Debug|Any CPU.ActiveCfg = Debug|Any CPU
		{70D691AE-F03D-42ED-B477-90A9A229F2B7}.Debug|Any CPU.Build.0 = Debug|Any CPU
		{70D691AE-F03D-42ED-B477-90A9A229F2B7}.Release|Any CPU.ActiveCfg = Release|Any CPU
		{70D691AE-F03D-42ED-B477-90A9A229F2B7}.Release|Any CPU.Build.0 = Release|Any CPU
		{31BCCF5D-4427-41CF-A504-D41608E94A7C}.Debug|Any CPU.ActiveCfg = Debug|Any CPU
		{31BCCF5D-4427-41CF-A504-D41608E94A7C}.Debug|Any CPU.Build.0 = Debug|Any CPU
		{31BCCF5D-4427-41CF-A504-D41608E94A7C}.Release|Any CPU.ActiveCfg = Release|Any CPU
		{31BCCF5D-4427-41CF-A504-D41608E94A7C}.Release|Any CPU.Build.0 = Release|Any CPU
	EndGlobalSection
	GlobalSection(SolutionProperties) = preSolution
		HideSolutionNode = FALSE
	EndGlobalSection
	GlobalSection(ExtensibilityGlobals) = postSolution
		SolutionGuid = {26D4B0D9-D29A-416C-99E1-33A764F749FD}
	EndGlobalSection
EndGlobal
